// !$*UTF8*$!
{
	archiveVersion = 1;
	classes = {
	};
	objectVersion = 46;
	objects = {

/* Begin PBXBuildFile section */
		21591FF0188723B40068B933 /* UIKit.framework in Frameworks */ = {isa = PBXBuildFile; fileRef = 21591FEF188723B40068B933 /* UIKit.framework */; };
		21591FF2188723B40068B933 /* Foundation.framework in Frameworks */ = {isa = PBXBuildFile; fileRef = 21591FF1188723B40068B933 /* Foundation.framework */; };
		21591FF4188723B40068B933 /* CoreGraphics.framework in Frameworks */ = {isa = PBXBuildFile; fileRef = 21591FF3188723B40068B933 /* CoreGraphics.framework */; };
		21591FFA188723B40068B933 /* InfoPlist.strings in Resources */ = {isa = PBXBuildFile; fileRef = 21591FF8188723B40068B933 /* InfoPlist.strings */; };
		21591FFC188723B40068B933 /* main.m in Sources */ = {isa = PBXBuildFile; fileRef = 21591FFB188723B40068B933 /* main.m */; };
		21592000188723B40068B933 /* AppDelegate.m in Sources */ = {isa = PBXBuildFile; fileRef = 21591FFF188723B40068B933 /* AppDelegate.m */; };
		21592003188723B40068B933 /* MainStoryboard.storyboard in Resources */ = {isa = PBXBuildFile; fileRef = 21592001188723B40068B933 /* MainStoryboard.storyboard */; };
		21592006188723B50068B933 /* ViewController.m in Sources */ = {isa = PBXBuildFile; fileRef = 21592005188723B50068B933 /* ViewController.m */; };
		2159200E188723B50068B933 /* SenTestingKit.framework in Frameworks */ = {isa = PBXBuildFile; fileRef = 2159200D188723B50068B933 /* SenTestingKit.framework */; };
		2159200F188723B50068B933 /* UIKit.framework in Frameworks */ = {isa = PBXBuildFile; fileRef = 21591FEF188723B40068B933 /* UIKit.framework */; };
		21592010188723B50068B933 /* Foundation.framework in Frameworks */ = {isa = PBXBuildFile; fileRef = 21591FF1188723B40068B933 /* Foundation.framework */; };
		21592018188723B50068B933 /* InfoPlist.strings in Resources */ = {isa = PBXBuildFile; fileRef = 21592016188723B50068B933 /* InfoPlist.strings */; };
		2159201B188723B50068B933 /* QuizTests.m in Sources */ = {isa = PBXBuildFile; fileRef = 2159201A188723B50068B933 /* QuizTests.m */; };
/* End PBXBuildFile section */

/* Begin PBXContainerItemProxy section */
		21592011188723B50068B933 /* PBXContainerItemProxy */ = {
			isa = PBXContainerItemProxy;
			containerPortal = 21591FE2188723B40068B933 /* Project object */;
			proxyType = 1;
			remoteGlobalIDString = 21591FEA188723B40068B933;
			remoteInfo = Quiz;
		};
/* End PBXContainerItemProxy section */

/* Begin PBXFileReference section */
		21591FEB188723B40068B933 /* Quiz.app */ = {isa = PBXFileReference; explicitFileType = wrapper.application; includeInIndex = 0; path = Quiz.app; sourceTree = BUILT_PRODUCTS_DIR; };
		21591FEF188723B40068B933 /* UIKit.framework */ = {isa = PBXFileReference; lastKnownFileType = wrapper.framework; name = UIKit.framework; path = System/Library/Frameworks/UIKit.framework; sourceTree = SDKROOT; };
		21591FF1188723B40068B933 /* Foundation.framework */ = {isa = PBXFileReference; lastKnownFileType = wrapper.framework; name = Foundation.framework; path = System/Library/Frameworks/Foundation.framework; sourceTree = SDKROOT; };
		21591FF3188723B40068B933 /* CoreGraphics.framework */ = {isa = PBXFileReference; lastKnownFileType = wrapper.framework; name = CoreGraphics.framework; path = System/Library/Frameworks/CoreGraphics.framework; sourceTree = SDKROOT; };
		21591FF7188723B40068B933 /* Quiz-Info.plist */ = {isa = PBXFileReference; lastKnownFileType = text.plist.xml; path = "Quiz-Info.plist"; sourceTree = "<group>"; };
		21591FF9188723B40068B933 /* en */ = {isa = PBXFileReference; lastKnownFileType = text.plist.strings; name = en; path = en.lproj/InfoPlist.strings; sourceTree = "<group>"; };
		21591FFB188723B40068B933 /* main.m */ = {isa = PBXFileReference; lastKnownFileType = sourcecode.c.objc; path = main.m; sourceTree = "<group>"; };
		21591FFD188723B40068B933 /* Quiz-Prefix.pch */ = {isa = PBXFileReference; lastKnownFileType = sourcecode.c.h; path = "Quiz-Prefix.pch"; sourceTree = "<group>"; };
		21591FFE188723B40068B933 /* AppDelegate.h */ = {isa = PBXFileReference; lastKnownFileType = sourcecode.c.h; path = AppDelegate.h; sourceTree = "<group>"; };
		21591FFF188723B40068B933 /* AppDelegate.m */ = {isa = PBXFileReference; lastKnownFileType = sourcecode.c.objc; path = AppDelegate.m; sourceTree = "<group>"; };
		21592002188723B40068B933 /* en */ = {isa = PBXFileReference; lastKnownFileType = file.storyboard; name = en; path = en.lproj/MainStoryboard.storyboard; sourceTree = "<group>"; };
		21592004188723B40068B933 /* ViewController.h */ = {isa = PBXFileReference; lastKnownFileType = sourcecode.c.h; path = ViewController.h; sourceTree = "<group>"; };
		21592005188723B50068B933 /* ViewController.m */ = {isa = PBXFileReference; lastKnownFileType = sourcecode.c.objc; path = ViewController.m; sourceTree = "<group>"; };
		2159200C188723B50068B933 /* QuizTests.octest */ = {isa = PBXFileReference; explicitFileType = wrapper.cfbundle; includeInIndex = 0; path = QuizTests.octest; sourceTree = BUILT_PRODUCTS_DIR; };
		2159200D188723B50068B933 /* SenTestingKit.framework */ = {isa = PBXFileReference; lastKnownFileType = wrapper.framework; name = SenTestingKit.framework; path = Library/Frameworks/SenTestingKit.framework; sourceTree = DEVELOPER_DIR; };
		21592015188723B50068B933 /* QuizTests-Info.plist */ = {isa = PBXFileReference; lastKnownFileType = text.plist.xml; path = "QuizTests-Info.plist"; sourceTree = "<group>"; };
		21592017188723B50068B933 /* en */ = {isa = PBXFileReference; lastKnownFileType = text.plist.strings; name = en; path = en.lproj/InfoPlist.strings; sourceTree = "<group>"; };
		21592019188723B50068B933 /* QuizTests.h */ = {isa = PBXFileReference; lastKnownFileType = sourcecode.c.h; path = QuizTests.h; sourceTree = "<group>"; };
		2159201A188723B50068B933 /* QuizTests.m */ = {isa = PBXFileReference; lastKnownFileType = sourcecode.c.objc; path = QuizTests.m; sourceTree = "<group>"; };
/* End PBXFileReference section */

/* Begin PBXFrameworksBuildPhase section */
		21591FE8188723B40068B933 /* Frameworks */ = {
			isa = PBXFrameworksBuildPhase;
			buildActionMask = 2147483647;
			files = (
				21591FF0188723B40068B933 /* UIKit.framework in Frameworks */,
				21591FF2188723B40068B933 /* Foundation.framework in Frameworks */,
				21591FF4188723B40068B933 /* CoreGraphics.framework in Frameworks */,
			);
			runOnlyForDeploymentPostprocessing = 0;
		};
		21592008188723B50068B933 /* Frameworks */ = {
			isa = PBXFrameworksBuildPhase;
			buildActionMask = 2147483647;
			files = (
				2159200E188723B50068B933 /* SenTestingKit.framework in Frameworks */,
				2159200F188723B50068B933 /* UIKit.framework in Frameworks */,
				21592010188723B50068B933 /* Foundation.framework in Frameworks */,
			);
			runOnlyForDeploymentPostprocessing = 0;
		};
/* End PBXFrameworksBuildPhase section */

/* Begin PBXGroup section */
		21591FE0188723B30068B933 = {
			isa = PBXGroup;
			children = (
				21591FF5188723B40068B933 /* Quiz */,
				21592013188723B50068B933 /* QuizTests */,
				21591FEE188723B40068B933 /* Frameworks */,
				21591FEC188723B40068B933 /* Products */,
			);
			sourceTree = "<group>";
		};
		21591FEC188723B40068B933 /* Products */ = {
			isa = PBXGroup;
			children = (
				21591FEB188723B40068B933 /* Quiz.app */,
				2159200C188723B50068B933 /* QuizTests.octest */,
			);
			name = Products;
			sourceTree = "<group>";
		};
		21591FEE188723B40068B933 /* Frameworks */ = {
			isa = PBXGroup;
			children = (
				21591FEF188723B40068B933 /* UIKit.framework */,
				21591FF1188723B40068B933 /* Foundation.framework */,
				21591FF3188723B40068B933 /* CoreGraphics.framework */,
				2159200D188723B50068B933 /* SenTestingKit.framework */,
			);
			name = Frameworks;
			sourceTree = "<group>";
		};
		21591FF5188723B40068B933 /* Quiz */ = {
			isa = PBXGroup;
			children = (
				21591FFE188723B40068B933 /* AppDelegate.h */,
				21591FFF188723B40068B933 /* AppDelegate.m */,
				21592001188723B40068B933 /* MainStoryboard.storyboard */,
				21592004188723B40068B933 /* ViewController.h */,
				21592005188723B50068B933 /* ViewController.m */,
				21591FF6188723B40068B933 /* Supporting Files */,
			);
			path = Quiz;
			sourceTree = "<group>";
		};
		21591FF6188723B40068B933 /* Supporting Files */ = {
			isa = PBXGroup;
			children = (
				21591FF7188723B40068B933 /* Quiz-Info.plist */,
				21591FF8188723B40068B933 /* InfoPlist.strings */,
				21591FFB188723B40068B933 /* main.m */,
				21591FFD188723B40068B933 /* Quiz-Prefix.pch */,
			);
			name = "Supporting Files";
			sourceTree = "<group>";
		};
		21592013188723B50068B933 /* QuizTests */ = {
			isa = PBXGroup;
			children = (
				21592019188723B50068B933 /* QuizTests.h */,
				2159201A188723B50068B933 /* QuizTests.m */,
				21592014188723B50068B933 /* Supporting Files */,
			);
			path = QuizTests;
			sourceTree = "<group>";
		};
		21592014188723B50068B933 /* Supporting Files */ = {
			isa = PBXGroup;
			children = (
				21592015188723B50068B933 /* QuizTests-Info.plist */,
				21592016188723B50068B933 /* InfoPlist.strings */,
			);
			name = "Supporting Files";
			sourceTree = "<group>";
		};
/* End PBXGroup section */

/* Begin PBXNativeTarget section */
		21591FEA188723B40068B933 /* Quiz */ = {
			isa = PBXNativeTarget;
			buildConfigurationList = 2159201E188723B50068B933 /* Build configuration list for PBXNativeTarget "Quiz" */;
			buildPhases = (
				21591FE7188723B40068B933 /* Sources */,
				21591FE8188723B40068B933 /* Frameworks */,
				21591FE9188723B40068B933 /* Resources */,
			);
			buildRules = (
			);
			dependencies = (
			);
			name = Quiz;
			productName = Quiz;
			productReference = 21591FEB188723B40068B933 /* Quiz.app */;
			productType = "com.apple.product-type.application";
		};
		2159200B188723B50068B933 /* QuizTests */ = {
			isa = PBXNativeTarget;
			buildConfigurationList = 21592021188723B50068B933 /* Build configuration list for PBXNativeTarget "QuizTests" */;
			buildPhases = (
				21592007188723B50068B933 /* Sources */,
				21592008188723B50068B933 /* Frameworks */,
				21592009188723B50068B933 /* Resources */,
				2159200A188723B50068B933 /* ShellScript */,
			);
			buildRules = (
			);
			dependencies = (
				21592012188723B50068B933 /* PBXTargetDependency */,
			);
			name = QuizTests;
			productName = QuizTests;
			productReference = 2159200C188723B50068B933 /* QuizTests.octest */;
			productType = "com.apple.product-type.bundle";
		};
/* End PBXNativeTarget section */

/* Begin PBXProject section */
		21591FE2188723B40068B933 /* Project object */ = {
			isa = PBXProject;
			attributes = {
				LastUpgradeCheck = 0440;
				ORGANIZATIONNAME = "Jon Diehl";
			};
			buildConfigurationList = 21591FE5188723B40068B933 /* Build configuration list for PBXProject "Quiz" */;
			compatibilityVersion = "Xcode 3.2";
			developmentRegion = English;
			hasScannedForEncodings = 0;
			knownRegions = (
				en,
			);
			mainGroup = 21591FE0188723B30068B933;
			productRefGroup = 21591FEC188723B40068B933 /* Products */;
			projectDirPath = "";
			projectRoot = "";
			targets = (
				21591FEA188723B40068B933 /* Quiz */,
				2159200B188723B50068B933 /* QuizTests */,
			);
		};
/* End PBXProject section */

/* Begin PBXResourcesBuildPhase section */
		21591FE9188723B40068B933 /* Resources */ = {
			isa = PBXResourcesBuildPhase;
			buildActionMask = 2147483647;
			files = (
				21591FFA188723B40068B933 /* InfoPlist.strings in Resources */,
				21592003188723B40068B933 /* MainStoryboard.storyboard in Resources */,
			);
			runOnlyForDeploymentPostprocessing = 0;
		};
		21592009188723B50068B933 /* Resources */ = {
			isa = PBXResourcesBuildPhase;
			buildActionMask = 2147483647;
			files = (
				21592018188723B50068B933 /* InfoPlist.strings in Resources */,
			);
			runOnlyForDeploymentPostprocessing = 0;
		};
/* End PBXResourcesBuildPhase section */

/* Begin PBXShellScriptBuildPhase section */
		2159200A188723B50068B933 /* ShellScript */ = {
			isa = PBXShellScriptBuildPhase;
			buildActionMask = 2147483647;
			files = (
			);
			inputPaths = (
			);
			outputPaths = (
			);
			runOnlyForDeploymentPostprocessing = 0;
			shellPath = /bin/sh;
			shellScript = "# Run the unit tests in this test bundle.\n\"${SYSTEM_DEVELOPER_DIR}/Tools/RunUnitTests\"\n";
		};
/* End PBXShellScriptBuildPhase section */

/* Begin PBXSourcesBuildPhase section */
		21591FE7188723B40068B933 /* Sources */ = {
			isa = PBXSourcesBuildPhase;
			buildActionMask = 2147483647;
			files = (
				21591FFC188723B40068B933 /* main.m in Sources */,
				21592000188723B40068B933 /* AppDelegate.m in Sources */,
				21592006188723B50068B933 /* ViewController.m in Sources */,
			);
			runOnlyForDeploymentPostprocessing = 0;
		};
		21592007188723B50068B933 /* Sources */ = {
			isa = PBXSourcesBuildPhase;
			buildActionMask = 2147483647;
			files = (
				2159201B188723B50068B933 /* QuizTests.m in Sources */,
			);
			runOnlyForDeploymentPostprocessing = 0;
		};
/* End PBXSourcesBuildPhase section */

/* Begin PBXTargetDependency section */
		21592012188723B50068B933 /* PBXTargetDependency */ = {
			isa = PBXTargetDependency;
			target = 21591FEA188723B40068B933 /* Quiz */;
			targetProxy = 21592011188723B50068B933 /* PBXContainerItemProxy */;
		};
/* End PBXTargetDependency section */

/* Begin PBXVariantGroup section */
		21591FF8188723B40068B933 /* InfoPlist.strings */ = {
			isa = PBXVariantGroup;
			children = (
				21591FF9188723B40068B933 /* en */,
			);
			name = InfoPlist.strings;
			sourceTree = "<group>";
		};
		21592001188723B40068B933 /* MainStoryboard.storyboard */ = {
			isa = PBXVariantGroup;
			children = (
				21592002188723B40068B933 /* en */,
			);
			name = MainStoryboard.storyboard;
			sourceTree = "<group>";
		};
		21592016188723B50068B933 /* InfoPlist.strings */ = {
			isa = PBXVariantGroup;
			children = (
				21592017188723B50068B933 /* en */,
			);
			name = InfoPlist.strings;
			sourceTree = "<group>";
		};
/* End PBXVariantGroup section */

/* Begin XCBuildConfiguration section */
		2159201C188723B50068B933 /* Debug */ = {
			isa = XCBuildConfiguration;
			buildSettings = {
				ALWAYS_SEARCH_USER_PATHS = NO;
				ARCHS = "$(ARCHS_STANDARD_32_BIT)";
				CLANG_CXX_LANGUAGE_STANDARD = "gnu++0x";
				CLANG_ENABLE_OBJC_ARC = YES;
				CLANG_WARN__DUPLICATE_METHOD_MATCH = YES;
				"CODE_SIGN_IDENTITY[sdk=iphoneos*]" = "iPhone Developer";
				COPY_PHASE_STRIP = NO;
				GCC_C_LANGUAGE_STANDARD = gnu99;
				GCC_DYNAMIC_NO_PIC = NO;
				GCC_OPTIMIZATION_LEVEL = 0;
				GCC_PREPROCESSOR_DEFINITIONS = (
					"DEBUG=1",
					"$(inherited)",
				);
				GCC_SYMBOLS_PRIVATE_EXTERN = NO;
				GCC_VERSION = com.apple.compilers.llvm.clang.1_0;
				GCC_WARN_ABOUT_RETURN_TYPE = YES;
				GCC_WARN_UNINITIALIZED_AUTOS = YES;
				GCC_WARN_UNUSED_VARIABLE = YES;
				IPHONEOS_DEPLOYMENT_TARGET = 5.1;
				SDKROOT = iphoneos;
			};
			name = Debug;
		};
		2159201D188723B50068B933 /* Release */ = {
			isa = XCBuildConfiguration;
			buildSettings = {
				ALWAYS_SEARCH_USER_PATHS = NO;
				ARCHS = "$(ARCHS_STANDARD_32_BIT)";
				CLANG_CXX_LANGUAGE_STANDARD = "gnu++0x";
				CLANG_ENABLE_OBJC_ARC = YES;
				CLANG_WARN__DUPLICATE_METHOD_MATCH = YES;
				"CODE_SIGN_IDENTITY[sdk=iphoneos*]" = "iPhone Developer";
				COPY_PHASE_STRIP = YES;
				GCC_C_LANGUAGE_STANDARD = gnu99;
				GCC_VERSION = com.apple.compilers.llvm.clang.1_0;
				GCC_WARN_ABOUT_RETURN_TYPE = YES;
				GCC_WARN_UNINITIALIZED_AUTOS = YES;
				GCC_WARN_UNUSED_VARIABLE = YES;
				IPHONEOS_DEPLOYMENT_TARGET = 5.1;
				OTHER_CFLAGS = "-DNS_BLOCK_ASSERTIONS=1";
				SDKROOT = iphoneos;
				VALIDATE_PRODUCT = YES;
			};
			name = Release;
		};
		2159201F188723B50068B933 /* Debug */ = {
			isa = XCBuildConfiguration;
			buildSettings = {
				GCC_PRECOMPILE_PREFIX_HEADER = YES;
				GCC_PREFIX_HEADER = "Quiz/Quiz-Prefix.pch";
				INFOPLIST_FILE = "Quiz/Quiz-Info.plist";
				PRODUCT_NAME = "$(TARGET_NAME)";
				WRAPPER_EXTENSION = app;
			};
			name = Debug;
		};
		21592020188723B50068B933 /* Release */ = {
			isa = XCBuildConfiguration;
			buildSettings = {
				GCC_PRECOMPILE_PREFIX_HEADER = YES;
				GCC_PREFIX_HEADER = "Quiz/Quiz-Prefix.pch";
				INFOPLIST_FILE = "Quiz/Quiz-Info.plist";
				PRODUCT_NAME = "$(TARGET_NAME)";
				WRAPPER_EXTENSION = app;
			};
			name = Release;
		};
		21592022188723B50068B933 /* Debug */ = {
			isa = XCBuildConfiguration;
			buildSettings = {
				BUNDLE_LOADER = "$(BUILT_PRODUCTS_DIR)/Quiz.app/Quiz";
				FRAMEWORK_SEARCH_PATHS = (
					"\"$(SDKROOT)/Developer/Library/Frameworks\"",
					"\"$(DEVELOPER_LIBRARY_DIR)/Frameworks\"",
				);
				GCC_PRECOMPILE_PREFIX_HEADER = YES;
				GCC_PREFIX_HEADER = "Quiz/Quiz-Prefix.pch";
				INFOPLIST_FILE = "QuizTests/QuizTests-Info.plist";
				PRODUCT_NAME = "$(TARGET_NAME)";
				TEST_HOST = "$(BUNDLE_LOADER)";
				WRAPPER_EXTENSION = octest;
			};
			name = Debug;
		};
		21592023188723B50068B933 /* Release */ = {
			isa = XCBuildConfiguration;
			buildSettings = {
				BUNDLE_LOADER = "$(BUILT_PRODUCTS_DIR)/Quiz.app/Quiz";
				FRAMEWORK_SEARCH_PATHS = (
					"\"$(SDKROOT)/Developer/Library/Frameworks\"",
					"\"$(DEVELOPER_LIBRARY_DIR)/Frameworks\"",
				);
				GCC_PRECOMPILE_PREFIX_HEADER = YES;
				GCC_PREFIX_HEADER = "Quiz/Quiz-Prefix.pch";
				INFOPLIST_FILE = "QuizTests/QuizTests-Info.plist";
				PRODUCT_NAME = "$(TARGET_NAME)";
				TEST_HOST = "$(BUNDLE_LOADER)";
				WRAPPER_EXTENSION = octest;
			};
			name = Release;
		};
/* End XCBuildConfiguration section */

/* Begin XCConfigurationList section */
		21591FE5188723B40068B933 /* Build configuration list for PBXProject "Quiz" */ = {
			isa = XCConfigurationList;
			buildConfigurations = (
				2159201C188723B50068B933 /* Debug */,
				2159201D188723B50068B933 /* Release */,
			);
			defaultConfigurationIsVisible = 0;
			defaultConfigurationName = Release;
		};
		2159201E188723B50068B933 /* Build configuration list for PBXNativeTarget "Quiz" */ = {
			isa = XCConfigurationList;
			buildConfigurations = (
				2159201F188723B50068B933 /* Debug */,
				21592020188723B50068B933 /* Release */,
			);
			defaultConfigurationIsVisible = 0;
		};
		21592021188723B50068B933 /* Build configuration list for PBXNativeTarget "QuizTests" */ = {
			isa = XCConfigurationList;
			buildConfigurations = (
				21592022188723B50068B933 /* Debug */,
				21592023188723B50068B933 /* Release */,
			);
			defaultConfigurationIsVisible = 0;
		};
/* End XCConfigurationList section */
	};
	rootObject = 21591FE2188723B40068B933 /* Project object */;
}
